// !$*UTF8*$!
{
	archiveVersion = 1;
	classes = {
	};
	objectVersion = 46;
	objects = {

/* Begin PBXFileReference section */
		FD56EFF81ACA47E7006D7028 /* Makefile */ = {isa = PBXFileReference; fileEncoding = 4; lastKnownFileType = sourcecode.make; path = Makefile; sourceTree = "<group>"; };
		FD56EFF91ACA47E7006D7028 /* malkb.c */ = {isa = PBXFileReference; fileEncoding = 4; lastKnownFileType = sourcecode.c.c; path = malkb.c; sourceTree = "<group>"; };
		FD56EFFA1ACA47E7006D7028 /* usb_keyboard.c */ = {isa = PBXFileReference; fileEncoding = 4; lastKnownFileType = sourcecode.c.c; path = usb_keyboard.c; sourceTree = "<group>"; };
		FD56EFFB1ACA47E7006D7028 /* usb_keyboard.h */ = {isa = PBXFileReference; fileEncoding = 4; lastKnownFileType = sourcecode.c.h; path = usb_keyboard.h; sourceTree = "<group>"; };
		FD56F00C1ACA5E8B006D7028 /* malkb.h */ = {isa = PBXFileReference; lastKnownFileType = sourcecode.c.h; path = malkb.h; sourceTree = "<group>"; };
/* End PBXFileReference section */

/* Begin PBXGroup section */
		FD56EFED1ACA4790006D7028 = {
			isa = PBXGroup;
			children = (
				FD56EFFC1ACA47FC006D7028 /* build */,
				FD56EFF91ACA47E7006D7028 /* malkb.c */,
				FD56F00C1ACA5E8B006D7028 /* malkb.h */,
				FD56EFFA1ACA47E7006D7028 /* usb_keyboard.c */,
				FD56EFFB1ACA47E7006D7028 /* usb_keyboard.h */,
			);
			sourceTree = "<group>";
		};
		FD56EFFC1ACA47FC006D7028 /* build */ = {
			isa = PBXGroup;
			children = (
				FD56EFF81ACA47E7006D7028 /* Makefile */,
			);
			name = build;
			sourceTree = "<group>";
		};
/* End PBXGroup section */

/* Begin PBXLegacyTarget section */
		FD56EFF41ACA47BA006D7028 /* Malkb */ = {
			isa = PBXLegacyTarget;
			buildArgumentsString = "";
			buildConfigurationList = FD56EFF51ACA47BA006D7028 /* Build configuration list for PBXLegacyTarget "Malkb" */;
			buildPhases = (
			);
			buildToolPath = /usr/bin/make;
			buildWorkingDirectory = "";
			dependencies = (
			);
			name = Malkb;
			passBuildSettingsInEnvironment = 0;
			productName = Malkb;
		};
/* End PBXLegacyTarget section */

/* Begin PBXProject section */
		FD56EFEE1ACA4790006D7028 /* Project object */ = {
			isa = PBXProject;
			attributes = {
				LastUpgradeCheck = 0610;
				TargetAttributes = {
					FD56EFF41ACA47BA006D7028 = {
						CreatedOnToolsVersion = 6.1;
					};
				};
			};
			buildConfigurationList = FD56EFF11ACA4790006D7028 /* Build configuration list for PBXProject "MalKb" */;
			compatibilityVersion = "Xcode 3.2";
			developmentRegion = English;
			hasScannedForEncodings = 0;
			knownRegions = (
				en,
			);
			mainGroup = FD56EFED1ACA4790006D7028;
			projectDirPath = "";
			projectRoot = "";
			targets = (
				FD56EFF41ACA47BA006D7028 /* Malkb */,
			);
		};
/* End PBXProject section */

/* Begin XCBuildConfiguration section */
		FD56EFF21ACA4790006D7028 /* Debug */ = {
			isa = XCBuildConfiguration;
			buildSettings = {
			};
			name = Debug;
		};
		FD56EFF31ACA4790006D7028 /* Release */ = {
			isa = XCBuildConfiguration;
			buildSettings = {
			};
			name = Release;
		};
		FD56EFF61ACA47BA006D7028 /* Debug */ = {
			isa = XCBuildConfiguration;
			buildSettings = {
				ALWAYS_SEARCH_USER_PATHS = NO;
				CLANG_CXX_LANGUAGE_STANDARD = "gnu++0x";
				CLANG_CXX_LIBRARY = "libc++";
				CLANG_ENABLE_MODULES = YES;
				CLANG_ENABLE_OBJC_ARC = YES;
				CLANG_WARN_BOOL_CONVERSION = YES;
				CLANG_WARN_CONSTANT_CONVERSION = YES;
				CLANG_WARN_DIRECT_OBJC_ISA_USAGE = YES_ERROR;
				CLANG_WARN_EMPTY_BODY = YES;
				CLANG_WARN_ENUM_CONVERSION = YES;
				CLANG_WARN_INT_CONVERSION = YES;
				CLANG_WARN_OBJC_ROOT_CLASS = YES_ERROR;
				CLANG_WARN_UNREACHABLE_CODE = YES;
				CLANG_WARN__DUPLICATE_METHOD_MATCH = YES;
				COPY_PHASE_STRIP = NO;
				DEBUGGING_SYMBOLS = YES;
				ENABLE_STRICT_OBJC_MSGSEND = YES;
				GCC_C_LANGUAGE_STANDARD = gnu99;
				GCC_DYNAMIC_NO_PIC = NO;
				GCC_GENERATE_DEBUGGING_SYMBOLS = YES;
				GCC_OPTIMIZATION_LEVEL = 0;
				GCC_PREPROCESSOR_DEFINITIONS = (
					"DEBUG=1",
					"$(inherited)",
				);
				GCC_SYMBOLS_PRIVATE_EXTERN = NO;
				GCC_WARN_64_TO_32_BIT_CONVERSION = YES;
				GCC_WARN_ABOUT_RETURN_TYPE = YES_ERROR;
				GCC_WARN_UNDECLARED_SELECTOR = YES;
				GCC_WARN_UNINITIALIZED_AUTOS = YES_AGGRESSIVE;
				GCC_WARN_UNUSED_FUNCTION = YES;
				GCC_WARN_UNUSED_VARIABLE = YES;
				MACOSX_DEPLOYMENT_TARGET = 10.10;
				MTL_ENABLE_DEBUG_INFO = YES;
				ONLY_ACTIVE_ARCH = YES;
				OTHER_CFLAGS = "";
				OTHER_LDFLAGS = "";
				PRODUCT_NAME = "$(TARGET_NAME)";
				SDKROOT = macosx;
			};
			name = Debug;
		};
		FD56EFF71ACA47BA006D7028 /* Release */ = {
			isa = XCBuildConfiguration;
			buildSettings = {
				ALWAYS_SEARCH_USER_PATHS = NO;
				CLANG_CXX_LANGUAGE_STANDARD = "gnu++0x";
				CLANG_CXX_LIBRARY = "libc++";
				CLANG_ENABLE_MODULES = YES;
				CLANG_ENABLE_OBJC_ARC = YES;
				CLANG_WARN_BOOL_CONVERSION = YES;
				CLANG_WARN_CONSTANT_CONVERSION = YES;
				CLANG_WARN_DIRECT_OBJC_ISA_USAGE = YES_ERROR;
				CLANG_WARN_EMPTY_BODY = YES;
				CLANG_WARN_ENUM_CONVERSION = YES;
				CLANG_WARN_INT_CONVERSION = YES;
				CLANG_WARN_OBJC_ROOT_CLASS = YES_ERROR;
				CLANG_WARN_UNREACHABLE_CODE = YES;
				CLANG_WARN__DUPLICATE_METHOD_MATCH = YES;
				COPY_PHASE_STRIP = YES;
				DEBUG_INFORMATION_FORMAT = "dwarf-with-dsym";
				ENABLE_NS_ASSERTIONS = NO;
				ENABLE_STRICT_OBJC_MSGSEND = YES;
				GCC_C_LANGUAGE_STANDARD = gnu99;
				GCC_WARN_64_TO_32_BIT_CONVERSION = YES;
				GCC_WARN_ABOUT_RETURN_TYPE = YES_ERROR;
				GCC_WARN_UNDECLARED_SELECTOR = YES;
				GCC_WARN_UNINITIALIZED_AUTOS = YES_AGGRESSIVE;
				GCC_WARN_UNUSED_FUNCTION = YES;
				GCC_WARN_UNUSED_VARIABLE = YES;
				MACOSX_DEPLOYMENT_TARGET = 10.10;
				MTL_ENABLE_DEBUG_INFO = NO;
				OTHER_CFLAGS = "";
				OTHER_LDFLAGS = "";
				PRODUCT_NAME = "$(TARGET_NAME)";
				SDKROOT = macosx;
			};
			name = Release;
		};
/* End XCBuildConfiguration section */

/* Begin XCConfigurationList section */
		FD56EFF11ACA4790006D7028 /* Build configuration list for PBXProject "MalKb" */ = {
			isa = XCConfigurationList;
			buildConfigurations = (
				FD56EFF21ACA4790006D7028 /* Debug */,
				FD56EFF31ACA4790006D7028 /* Release */,
			);
			defaultConfigurationIsVisible = 0;
			defaultConfigurationName = Release;
		};
		FD56EFF51ACA47BA006D7028 /* Build configuration list for PBXLegacyTarget "Malkb" */ = {
			isa = XCConfigurationList;
			buildConfigurations = (
				FD56EFF61ACA47BA006D7028 /* Debug */,
				FD56EFF71ACA47BA006D7028 /* Release */,
			);
			defaultConfigurationIsVisible = 0;
		};
/* End XCConfigurationList section */
	};
	rootObject = FD56EFEE1ACA4790006D7028 /* Project object */;
}
